
Microsoft Visual Studio Solution File, Format Version 12.00
# Visual Studio 15
VisualStudioVersion = 15.0.27130.2003
MinimumVisualStudioVersion = 10.0.40219.1
Project("{00D1A9C2-B5F0-4AF3-8072-F6C62B433612}") = "Pedido", "Pedido\Pedido\Pedido.sqlproj", "{5D9834F4-7112-454F-AD31-82993D2EB1E1}"
EndProject
Project("{9A19103F-16F7-4668-BE54-9A1E7A4F7556}") = "TSA.Pedido.Domain", "TSA.Pedido.Domain\TSA.Pedido.Domain.csproj", "{459C5FFA-A9DC-43DD-BC94-8ACE6D6058D4}"
EndProject
Project("{9A19103F-16F7-4668-BE54-9A1E7A4F7556}") = "TSA.Pedido.Core", "TSA.Pedido.Core\TSA.Pedido.Core.csproj", "{AF53702A-484A-4E87-812E-649D05BEF93F}"
EndProject
Project("{FAE04EC0-301F-11D3-BF4B-00C04F79EFBC}") = "TSA.Pedido.Data", "TSA.Pedido.Data\TSA.Pedido.Data.csproj", "{36571AE6-73A8-4601-A943-BACCE74D7326}"
EndProject
Project("{FAE04EC0-301F-11D3-BF4B-00C04F79EFBC}") = "TSA.Pedido.Test", "TSA.Pedido.Test\TSA.Pedido.Test.csproj", "{40C6C7BA-BC3E-40D6-B7CF-B458EAF756F5}"
EndProject
Project("{FAE04EC0-301F-11D3-BF4B-00C04F79EFBC}") = "TSA.Pedido.Api", "TSA.Pedido.Api\TSA.Pedido.Api.csproj", "{DA5F5372-45D0-4666-B781-6CD6DEB742BC}"
EndProject
Global
	GlobalSection(SolutionConfigurationPlatforms) = preSolution
		Debug|Any CPU = Debug|Any CPU
		Release|Any CPU = Release|Any CPU
	EndGlobalSection
	GlobalSection(ProjectConfigurationPlatforms) = postSolution
		{5D9834F4-7112-454F-AD31-82993D2EB1E1}.Debug|Any CPU.ActiveCfg = Debug|Any CPU
		{5D9834F4-7112-454F-AD31-82993D2EB1E1}.Debug|Any CPU.Build.0 = Debug|Any CPU
		{5D9834F4-7112-454F-AD31-82993D2EB1E1}.Debug|Any CPU.Deploy.0 = Debug|Any CPU
		{5D9834F4-7112-454F-AD31-82993D2EB1E1}.Release|Any CPU.ActiveCfg = Release|Any CPU
		{5D9834F4-7112-454F-AD31-82993D2EB1E1}.Release|Any CPU.Build.0 = Release|Any CPU
		{5D9834F4-7112-454F-AD31-82993D2EB1E1}.Release|Any CPU.Deploy.0 = Release|Any CPU
		{459C5FFA-A9DC-43DD-BC94-8ACE6D6058D4}.Debug|Any CPU.ActiveCfg = Debug|Any CPU
		{459C5FFA-A9DC-43DD-BC94-8ACE6D6058D4}.Debug|Any CPU.Build.0 = Debug|Any CPU
		{459C5FFA-A9DC-43DD-BC94-8ACE6D6058D4}.Release|Any CPU.ActiveCfg = Release|Any CPU
		{459C5FFA-A9DC-43DD-BC94-8ACE6D6058D4}.Release|Any CPU.Build.0 = Release|Any CPU
		{AF53702A-484A-4E87-812E-649D05BEF93F}.Debug|Any CPU.ActiveCfg = Debug|Any CPU
		{AF53702A-484A-4E87-812E-649D05BEF93F}.Debug|Any CPU.Build.0 = Debug|Any CPU
		{AF53702A-484A-4E87-812E-649D05BEF93F}.Release|Any CPU.ActiveCfg = Release|Any CPU
		{AF53702A-484A-4E87-812E-649D05BEF93F}.Release|Any CPU.Build.0 = Release|Any CPU
		{36571AE6-73A8-4601-A943-BACCE74D7326}.Debug|Any CPU.ActiveCfg = Debug|Any CPU
		{36571AE6-73A8-4601-A943-BACCE74D7326}.Debug|Any CPU.Build.0 = Debug|Any CPU
		{36571AE6-73A8-4601-A943-BACCE74D7326}.Release|Any CPU.ActiveCfg = Release|Any CPU
		{36571AE6-73A8-4601-A943-BACCE74D7326}.Release|Any CPU.Build.0 = Release|Any CPU
		{40C6C7BA-BC3E-40D6-B7CF-B458EAF756F5}.Debug|Any CPU.ActiveCfg = Debug|Any CPU
		{40C6C7BA-BC3E-40D6-B7CF-B458EAF756F5}.Debug|Any CPU.Build.0 = Debug|Any CPU
		{40C6C7BA-BC3E-40D6-B7CF-B458EAF756F5}.Release|Any CPU.ActiveCfg = Release|Any CPU
		{40C6C7BA-BC3E-40D6-B7CF-B458EAF756F5}.Release|Any CPU.Build.0 = Release|Any CPU
		{DA5F5372-45D0-4666-B781-6CD6DEB742BC}.Debug|Any CPU.ActiveCfg = Debug|Any CPU
		{DA5F5372-45D0-4666-B781-6CD6DEB742BC}.Debug|Any CPU.Build.0 = Debug|Any CPU
		{DA5F5372-45D0-4666-B781-6CD6DEB742BC}.Release|Any CPU.ActiveCfg = Release|Any CPU
		{DA5F5372-45D0-4666-B781-6CD6DEB742BC}.Release|Any CPU.Build.0 = Release|Any CPU
	EndGlobalSection
	GlobalSection(SolutionProperties) = preSolution
		HideSolutionNode = FALSE
	EndGlobalSection
	GlobalSection(ExtensibilityGlobals) = postSolution
		SolutionGuid = {0DF939A1-EB2C-4A85-903B-B093047EF380}
	EndGlobalSection
EndGlobal
